
Microsoft Visual Studio Solution File, Format Version 12.00
# Visual Studio Version 17
VisualStudioVersion = 17.9.34607.119
MinimumVisualStudioVersion = 10.0.40219.1
Project("{2150E333-8FDC-42A3-9474-1A3956D46DE8}") = "Chapter01", "Chapter01", "{E3DA27DE-797D-4F85-B3DF-7E3EBC2990A2}"
EndProject
Project("{FAE04EC0-301F-11D3-BF4B-00C04F79EFBC}") = "ProductSample", "Chapter01\ProductSample\ProductSample.csproj", "{CF0EC5BF-6C14-4DAA-BD13-8B20C5A970F8}"
EndProject
Project("{2150E333-8FDC-42A3-9474-1A3956D46DE8}") = "Chapter02", "Chapter02", "{53C71001-7997-4ECF-80BF-457DC7B7E951}"
EndProject
Project("{2150E333-8FDC-42A3-9474-1A3956D46DE8}") = "距離換算プログラム", "距離換算プログラム", "{538EB122-F39A-473C-B6B9-92C15FA90196}"
EndProject
Project("{FAE04EC0-301F-11D3-BF4B-00C04F79EFBC}") = "DistanceConverter", "Chapter02\DistanceConverter\DistanceConverter.csproj", "{4D95D509-AADF-4F85-ABFF-07E6643F04BC}"
EndProject
Project("{2150E333-8FDC-42A3-9474-1A3956D46DE8}") = "売上集計プログラム", "売上集計プログラム", "{1751FD51-6597-4D4B-B80F-CF87E15E9971}"
EndProject
Project("{FAE04EC0-301F-11D3-BF4B-00C04F79EFBC}") = "ConsoleApp1", "Chapter02\演習問題\ConsoleApp1\ConsoleApp1.csproj", "{1912E1CE-279F-45AE-A932-1A835CAEBA75}"
EndProject
Project("{2150E333-8FDC-42A3-9474-1A3956D46DE8}") = "#演習問題", "#演習問題", "{CC611442-FFE0-4813-9762-5129D05C0AE3}"
EndProject
Project("{FAE04EC0-301F-11D3-BF4B-00C04F79EFBC}") = "exercise1", "Chapter02\演習問題\ConsoleApp2\exercise1.csproj", "{7D03C6F4-D72B-4444-8EE2-5DEC21A3EE46}"
EndProject
Project("{2150E333-8FDC-42A3-9474-1A3956D46DE8}") = "FormApps", "FormApps", "{6867DF0E-04C2-46D9-A1DA-80EEC122362A}"
EndProject
Project("{9A19103F-16F7-4668-BE54-9A1E7A4F7556}") = "BallApp", "FormApps\BallApp\BallApp.csproj", "{E0FE5963-2C26-4B86-B4A4-EC547131E6A6}"
EndProject
Project("{2150E333-8FDC-42A3-9474-1A3956D46DE8}") = "Chapter03", "Chapter03", "{6C5C3EEB-3355-46A9-9287-DC8AC80C4996}"
EndProject
Project("{FAE04EC0-301F-11D3-BF4B-00C04F79EFBC}") = "Section01", "Chapter03\Section01\Section01.csproj", "{2FF3309B-773F-4A10-BF79-17D0587A9A17}"
EndProject
Project("{2150E333-8FDC-42A3-9474-1A3956D46DE8}") = "演習問題", "演習問題", "{5310EEEB-43EC-4B5C-B7FF-4FC6C6E19562}"
EndProject
Project("{FAE04EC0-301F-11D3-BF4B-00C04F79EFBC}") = "Exercize01", "Chapter03\演習問題\Exercize01\Exercize01.csproj", "{491A1BC1-56C7-4021-A7C3-5CFBC70425A4}"
EndProject
Project("{FAE04EC0-301F-11D3-BF4B-00C04F79EFBC}") = "Exesaize02", "Chapter03\演習問題\Exesaize02\Exesaize02.csproj", "{4A5EB3DF-6190-4FB6-ACB6-5D9755B1719D}"
EndProject
Project("{2150E333-8FDC-42A3-9474-1A3956D46DE8}") = "Chapter05", "Chapter05", "{AA26E123-24C4-4913-91A6-29DD68A5276B}"
EndProject
Project("{2150E333-8FDC-42A3-9474-1A3956D46DE8}") = "演習問題", "演習問題", "{A16B56FF-004A-46A9-A5A5-854F7D1E815D}"
EndProject
Project("{FAE04EC0-301F-11D3-BF4B-00C04F79EFBC}") = "Exercise02", "Chapter05\演習問題\Exercise02\Exercise02.csproj", "{F5A2A400-A33D-4140-BF47-2577C8BB8202}"
EndProject
Project("{FAE04EC0-301F-11D3-BF4B-00C04F79EFBC}") = "exercise01", "Chapter05\演習問題\exercise01\exercise01.csproj", "{7F57B064-B33A-4016-B68B-0F88C919E3A8}"
EndProject
Project("{FAE04EC0-301F-11D3-BF4B-00C04F79EFBC}") = "Exercise03", "Chapter05\演習問題\Exercise03\Exercise03.csproj", "{3B6D1F8B-673F-4718-9CD4-34A9315DE937}"
EndProject
Project("{FAE04EC0-301F-11D3-BF4B-00C04F79EFBC}") = "Exercise04", "Chapter05\演習問題\Exercise04\Exercise04.csproj", "{7A0F6D94-E2D2-45DC-B3AD-28FE49C28CAC}"
EndProject
Project("{2150E333-8FDC-42A3-9474-1A3956D46DE8}") = "Chapter06", "Chapter06", "{0213933A-7B1D-4917-9ED0-C1052C10C5FB}"
EndProject
Project("{FAE04EC0-301F-11D3-BF4B-00C04F79EFBC}") = "Section01", "Chapter06\Section01\Section01.csproj", "{75A42AD1-C368-49FF-B57C-A7F5FCAC644B}"
EndProject
Project("{2150E333-8FDC-42A3-9474-1A3956D46DE8}") = "演習問題", "演習問題", "{664A6AC8-109F-405B-9BEB-F8556B4124F6}"
EndProject
Project("{FAE04EC0-301F-11D3-BF4B-00C04F79EFBC}") = "Exercise01", "Chapter06\演習問題\Exercise01\Exercise01.csproj", "{DE22EB95-937C-4A8C-8335-D480036EC0A7}"
EndProject
Project("{FAE04EC0-301F-11D3-BF4B-00C04F79EFBC}") = "Exercise02", "Chapter06\演習問題\Exercise02\Exercise02\Exercise02.csproj", "{6D8F6B18-3F79-424A-9019-5C4D399CE892}"
EndProject
Project("{2150E333-8FDC-42A3-9474-1A3956D46DE8}") = "Chapter07", "Chapter07", "{2E1D9821-8DF7-4D51-8186-1ADAA5B58BE4}"
EndProject
Project("{FAE04EC0-301F-11D3-BF4B-00C04F79EFBC}") = "Section01", "Chapter07\Section01\Section01.csproj", "{87027377-CAE0-4E4D-BC55-BA78C1C43124}"
EndProject
Project("{FAE04EC0-301F-11D3-BF4B-00C04F79EFBC}") = "Section1-2", "Chapter07\Section1-2\Section1-2.csproj", "{49CCF9E3-144A-47EB-B249-17B2749CF3F2}"
EndProject
Project("{FAE04EC0-301F-11D3-BF4B-00C04F79EFBC}") = "Section02", "Chapter07\Section02\Section02.csproj", "{7727D723-B04B-4902-83BD-810206418CF8}"
EndProject
Project("{FAE04EC0-301F-11D3-BF4B-00C04F79EFBC}") = "SalesCounter", "Chapter02\SalesCounter\SalesCounter.csproj", "{449B1701-B4D2-4912-BE59-838A4C319936}"
EndProject
Project("{2150E333-8FDC-42A3-9474-1A3956D46DE8}") = "Test2406", "Test2406", "{B0DF30E4-F55C-4EEB-9DE8-D578226F2EC7}"
EndProject
Project("{FAE04EC0-301F-11D3-BF4B-00C04F79EFBC}") = "Test01", "TestProject\Test01\Test01.csproj", "{2BFACDC3-F44D-4199-8498-F5C3C4AC0335}"
EndProject
Project("{FAE04EC0-301F-11D3-BF4B-00C04F79EFBC}") = "Test02", "TestProject\Test02\Test02.csproj", "{E461C0A8-8900-485C-B520-E929BA33F712}"
EndProject
Project("{FAE04EC0-301F-11D3-BF4B-00C04F79EFBC}") = "Section03", "Chapter07\Section03\Section03.csproj", "{06B3117B-1966-4687-9916-1690129586E8}"
EndProject
Project("{FAE04EC0-301F-11D3-BF4B-00C04F79EFBC}") = "Section04", "Chapter07\Section04\Section04.csproj", "{653E7E01-FD5C-4CC7-B4ED-D6EB82A5D993}"
EndProject
Project("{2150E333-8FDC-42A3-9474-1A3956D46DE8}") = "Chapter08", "Chapter08", "{75EC3BAC-6FB8-4368-A593-5CD1A36F3526}"
EndProject
Project("{FAE04EC0-301F-11D3-BF4B-00C04F79EFBC}") = "Section01", "Chapter08\Section01\Section01.csproj", "{22B68AFD-AD5B-41FC-8037-5D70B98599FA}"
EndProject
Project("{9A19103F-16F7-4668-BE54-9A1E7A4F7556}") = "DateTimeApp", "FormApps\DateTimeApp\DateTimeApp.csproj", "{8FD2B175-41C3-42D4-A721-B98E4F06E001}"
EndProject
Project("{2150E333-8FDC-42A3-9474-1A3956D46DE8}") = "演習問題", "演習問題", "{4BB49876-47ED-489F-856D-7EB4925D6CDB}"
EndProject
Project("{9A19103F-16F7-4668-BE54-9A1E7A4F7556}") = "Exercise01-1", "Chapter08\Section01\Exercise01-1\Exercise01-1.csproj", "{F7868E94-8E84-485D-B135-790247C5E91E}"
EndProject
Project("{2150E333-8FDC-42A3-9474-1A3956D46DE8}") = "Test2407", "Test2407", "{DDE6552F-9CE9-4040-AA53-6A69F2A2A2ED}"
EndProject
Project("{FAE04EC0-301F-11D3-BF4B-00C04F79EFBC}") = "Test01", "TestProject\Test01_01\Test01.csproj", "{505959BA-5E37-40AD-9E1F-D168E366D106}"
EndProject
Project("{FAE04EC0-301F-11D3-BF4B-00C04F79EFBC}") = "Test02", "TestProject\Test02_01\Test02.csproj", "{9629460F-6875-4F78-AFFB-A5FD0F63E783}"
EndProject
Project("{9A19103F-16F7-4668-BE54-9A1E7A4F7556}") = "CarReportSystem", "FormApps\CarReportSystem\CarReportSystem.csproj", "{44994C2D-412E-434F-9522-C9EBE3A492D7}"
EndProject
Project("{2150E333-8FDC-42A3-9474-1A3956D46DE8}") = "Chapter11", "Chapter11", "{9CBEC152-16BC-4B3E-B7D6-3E312EBC8228}"
EndProject
Project("{FAE04EC0-301F-11D3-BF4B-00C04F79EFBC}") = "Section01", "Chapter11\Section01-1\Section01.csproj", "{443C88FB-83D0-452B-8ACB-D58BA366FECA}"
EndProject
Project("{2150E333-8FDC-42A3-9474-1A3956D46DE8}") = "演習問題", "演習問題", "{D4C70A3C-1C5D-4104-BF2B-F3F2EC6A1DF0}"
EndProject
Project("{FAE04EC0-301F-11D3-BF4B-00C04F79EFBC}") = "Exercise01", "Exercise01\Exercise01.csproj", "{4A137CC4-91AA-4A2E-B627-4B004127BF87}"
EndProject
Project("{FAE04EC0-301F-11D3-BF4B-00C04F79EFBC}") = "Section02", "Chapter11\Section02\Section02.csproj", "{20EA8E2A-F015-4982-BD18-A0DF829C10F7}"
EndProject
Project("{2150E333-8FDC-42A3-9474-1A3956D46DE8}") = "Chapter12", "Chapter12", "{0EFE358C-F297-4FF0-A3E2-4FADCBAC87FB}"
EndProject
Project("{FAE04EC0-301F-11D3-BF4B-00C04F79EFBC}") = "Section02", "\\172.16.42.1\学生\2024_情報システム\Chapter12\Section02\Section02.csproj", "{48D66483-4793-43F3-91D5-040A1C9E0DDC}"
EndProject
Project("{FAE04EC0-301F-11D3-BF4B-00C04F79EFBC}") = "Section01", "\\172.16.42.1\学生\2024_情報システム\Chapter12\Section01\Section01.csproj", "{44E87042-8756-4DC5-94EE-3487497F5FE0}"
EndProject
Project("{2150E333-8FDC-42A3-9474-1A3956D46DE8}") = "演習問題", "演習問題", "{51354ECA-951D-40C9-A8DB-D48421E63EFD}"
EndProject
Project("{FAE04EC0-301F-11D3-BF4B-00C04F79EFBC}") = "Exercise01", "\\172.16.42.1\学生\2024_情報システム\Chapter12\演習問題\Exercise01\Exercise01.csproj", "{8D661F5D-1314-44D2-9986-05C37FF5012B}"
EndProject
Project("{FAE04EC0-301F-11D3-BF4B-00C04F79EFBC}") = "RssReader", "FormApps\RssReader\RssReader.csproj", "{1ED04158-ED0E-4A5D-8051-7FD10C072A4C}"
EndProject
Project("{2150E333-8FDC-42A3-9474-1A3956D46DE8}") = "Chapter13", "Chapter13", "{C0FBB210-A569-4FD3-A837-D54364F46418}"
EndProject
Project("{FAE04EC0-301F-11D3-BF4B-00C04F79EFBC}") = "SampleEntityFramework", "Chapter13\SampleEntityFramework\SampleEntityFramework.csproj", "{58FF6F7C-8862-448F-8F72-60173B849F85}"
EndProject
Global
	GlobalSection(SolutionConfigurationPlatforms) = preSolution
		Debug|Any CPU = Debug|Any CPU
		Release|Any CPU = Release|Any CPU
	EndGlobalSection
	GlobalSection(ProjectConfigurationPlatforms) = postSolution
		{CF0EC5BF-6C14-4DAA-BD13-8B20C5A970F8}.Debug|Any CPU.ActiveCfg = Debug|Any CPU
		{CF0EC5BF-6C14-4DAA-BD13-8B20C5A970F8}.Debug|Any CPU.Build.0 = Debug|Any CPU
		{CF0EC5BF-6C14-4DAA-BD13-8B20C5A970F8}.Release|Any CPU.ActiveCfg = Release|Any CPU
		{CF0EC5BF-6C14-4DAA-BD13-8B20C5A970F8}.Release|Any CPU.Build.0 = Release|Any CPU
		{4D95D509-AADF-4F85-ABFF-07E6643F04BC}.Debug|Any CPU.ActiveCfg = Debug|Any CPU
		{4D95D509-AADF-4F85-ABFF-07E6643F04BC}.Debug|Any CPU.Build.0 = Debug|Any CPU
		{4D95D509-AADF-4F85-ABFF-07E6643F04BC}.Release|Any CPU.ActiveCfg = Release|Any CPU
		{4D95D509-AADF-4F85-ABFF-07E6643F04BC}.Release|Any CPU.Build.0 = Release|Any CPU
		{1912E1CE-279F-45AE-A932-1A835CAEBA75}.Debug|Any CPU.ActiveCfg = Debug|Any CPU
		{1912E1CE-279F-45AE-A932-1A835CAEBA75}.Debug|Any CPU.Build.0 = Debug|Any CPU
		{1912E1CE-279F-45AE-A932-1A835CAEBA75}.Release|Any CPU.ActiveCfg = Release|Any CPU
		{1912E1CE-279F-45AE-A932-1A835CAEBA75}.Release|Any CPU.Build.0 = Release|Any CPU
		{7D03C6F4-D72B-4444-8EE2-5DEC21A3EE46}.Debug|Any CPU.ActiveCfg = Debug|Any CPU
		{7D03C6F4-D72B-4444-8EE2-5DEC21A3EE46}.Debug|Any CPU.Build.0 = Debug|Any CPU
		{7D03C6F4-D72B-4444-8EE2-5DEC21A3EE46}.Release|Any CPU.ActiveCfg = Release|Any CPU
		{7D03C6F4-D72B-4444-8EE2-5DEC21A3EE46}.Release|Any CPU.Build.0 = Release|Any CPU
		{E0FE5963-2C26-4B86-B4A4-EC547131E6A6}.Debug|Any CPU.ActiveCfg = Debug|Any CPU
		{E0FE5963-2C26-4B86-B4A4-EC547131E6A6}.Debug|Any CPU.Build.0 = Debug|Any CPU
		{E0FE5963-2C26-4B86-B4A4-EC547131E6A6}.Release|Any CPU.ActiveCfg = Release|Any CPU
		{E0FE5963-2C26-4B86-B4A4-EC547131E6A6}.Release|Any CPU.Build.0 = Release|Any CPU
		{2FF3309B-773F-4A10-BF79-17D0587A9A17}.Debug|Any CPU.ActiveCfg = Debug|Any CPU
		{2FF3309B-773F-4A10-BF79-17D0587A9A17}.Debug|Any CPU.Build.0 = Debug|Any CPU
		{2FF3309B-773F-4A10-BF79-17D0587A9A17}.Release|Any CPU.ActiveCfg = Release|Any CPU
		{2FF3309B-773F-4A10-BF79-17D0587A9A17}.Release|Any CPU.Build.0 = Release|Any CPU
		{491A1BC1-56C7-4021-A7C3-5CFBC70425A4}.Debug|Any CPU.ActiveCfg = Debug|Any CPU
		{491A1BC1-56C7-4021-A7C3-5CFBC70425A4}.Debug|Any CPU.Build.0 = Debug|Any CPU
		{491A1BC1-56C7-4021-A7C3-5CFBC70425A4}.Release|Any CPU.ActiveCfg = Release|Any CPU
		{491A1BC1-56C7-4021-A7C3-5CFBC70425A4}.Release|Any CPU.Build.0 = Release|Any CPU
		{4A5EB3DF-6190-4FB6-ACB6-5D9755B1719D}.Debug|Any CPU.ActiveCfg = Debug|Any CPU
		{4A5EB3DF-6190-4FB6-ACB6-5D9755B1719D}.Debug|Any CPU.Build.0 = Debug|Any CPU
		{4A5EB3DF-6190-4FB6-ACB6-5D9755B1719D}.Release|Any CPU.ActiveCfg = Release|Any CPU
		{4A5EB3DF-6190-4FB6-ACB6-5D9755B1719D}.Release|Any CPU.Build.0 = Release|Any CPU
		{F5A2A400-A33D-4140-BF47-2577C8BB8202}.Debug|Any CPU.ActiveCfg = Debug|Any CPU
		{F5A2A400-A33D-4140-BF47-2577C8BB8202}.Debug|Any CPU.Build.0 = Debug|Any CPU
		{F5A2A400-A33D-4140-BF47-2577C8BB8202}.Release|Any CPU.ActiveCfg = Release|Any CPU
		{F5A2A400-A33D-4140-BF47-2577C8BB8202}.Release|Any CPU.Build.0 = Release|Any CPU
		{7F57B064-B33A-4016-B68B-0F88C919E3A8}.Debug|Any CPU.ActiveCfg = Debug|Any CPU
		{7F57B064-B33A-4016-B68B-0F88C919E3A8}.Debug|Any CPU.Build.0 = Debug|Any CPU
		{7F57B064-B33A-4016-B68B-0F88C919E3A8}.Release|Any CPU.ActiveCfg = Release|Any CPU
		{7F57B064-B33A-4016-B68B-0F88C919E3A8}.Release|Any CPU.Build.0 = Release|Any CPU
		{3B6D1F8B-673F-4718-9CD4-34A9315DE937}.Debug|Any CPU.ActiveCfg = Debug|Any CPU
		{3B6D1F8B-673F-4718-9CD4-34A9315DE937}.Debug|Any CPU.Build.0 = Debug|Any CPU
		{3B6D1F8B-673F-4718-9CD4-34A9315DE937}.Release|Any CPU.ActiveCfg = Release|Any CPU
		{3B6D1F8B-673F-4718-9CD4-34A9315DE937}.Release|Any CPU.Build.0 = Release|Any CPU
		{7A0F6D94-E2D2-45DC-B3AD-28FE49C28CAC}.Debug|Any CPU.ActiveCfg = Debug|Any CPU
		{7A0F6D94-E2D2-45DC-B3AD-28FE49C28CAC}.Debug|Any CPU.Build.0 = Debug|Any CPU
		{7A0F6D94-E2D2-45DC-B3AD-28FE49C28CAC}.Release|Any CPU.ActiveCfg = Release|Any CPU
		{7A0F6D94-E2D2-45DC-B3AD-28FE49C28CAC}.Release|Any CPU.Build.0 = Release|Any CPU
		{75A42AD1-C368-49FF-B57C-A7F5FCAC644B}.Debug|Any CPU.ActiveCfg = Debug|Any CPU
		{75A42AD1-C368-49FF-B57C-A7F5FCAC644B}.Debug|Any CPU.Build.0 = Debug|Any CPU
		{75A42AD1-C368-49FF-B57C-A7F5FCAC644B}.Release|Any CPU.ActiveCfg = Release|Any CPU
		{75A42AD1-C368-49FF-B57C-A7F5FCAC644B}.Release|Any CPU.Build.0 = Release|Any CPU
		{DE22EB95-937C-4A8C-8335-D480036EC0A7}.Debug|Any CPU.ActiveCfg = Debug|Any CPU
		{DE22EB95-937C-4A8C-8335-D480036EC0A7}.Debug|Any CPU.Build.0 = Debug|Any CPU
		{DE22EB95-937C-4A8C-8335-D480036EC0A7}.Release|Any CPU.ActiveCfg = Release|Any CPU
		{DE22EB95-937C-4A8C-8335-D480036EC0A7}.Release|Any CPU.Build.0 = Release|Any CPU
		{6D8F6B18-3F79-424A-9019-5C4D399CE892}.Debug|Any CPU.ActiveCfg = Debug|Any CPU
		{6D8F6B18-3F79-424A-9019-5C4D399CE892}.Debug|Any CPU.Build.0 = Debug|Any CPU
		{6D8F6B18-3F79-424A-9019-5C4D399CE892}.Release|Any CPU.ActiveCfg = Release|Any CPU
		{6D8F6B18-3F79-424A-9019-5C4D399CE892}.Release|Any CPU.Build.0 = Release|Any CPU
		{87027377-CAE0-4E4D-BC55-BA78C1C43124}.Debug|Any CPU.ActiveCfg = Debug|Any CPU
		{87027377-CAE0-4E4D-BC55-BA78C1C43124}.Debug|Any CPU.Build.0 = Debug|Any CPU
		{87027377-CAE0-4E4D-BC55-BA78C1C43124}.Release|Any CPU.ActiveCfg = Release|Any CPU
		{87027377-CAE0-4E4D-BC55-BA78C1C43124}.Release|Any CPU.Build.0 = Release|Any CPU
		{49CCF9E3-144A-47EB-B249-17B2749CF3F2}.Debug|Any CPU.ActiveCfg = Debug|Any CPU
		{49CCF9E3-144A-47EB-B249-17B2749CF3F2}.Debug|Any CPU.Build.0 = Debug|Any CPU
		{49CCF9E3-144A-47EB-B249-17B2749CF3F2}.Release|Any CPU.ActiveCfg = Release|Any CPU
		{49CCF9E3-144A-47EB-B249-17B2749CF3F2}.Release|Any CPU.Build.0 = Release|Any CPU
		{7727D723-B04B-4902-83BD-810206418CF8}.Debug|Any CPU.ActiveCfg = Debug|Any CPU
		{7727D723-B04B-4902-83BD-810206418CF8}.Debug|Any CPU.Build.0 = Debug|Any CPU
		{7727D723-B04B-4902-83BD-810206418CF8}.Release|Any CPU.ActiveCfg = Release|Any CPU
		{7727D723-B04B-4902-83BD-810206418CF8}.Release|Any CPU.Build.0 = Release|Any CPU
		{449B1701-B4D2-4912-BE59-838A4C319936}.Debug|Any CPU.ActiveCfg = Debug|Any CPU
		{449B1701-B4D2-4912-BE59-838A4C319936}.Debug|Any CPU.Build.0 = Debug|Any CPU
		{449B1701-B4D2-4912-BE59-838A4C319936}.Release|Any CPU.ActiveCfg = Release|Any CPU
		{449B1701-B4D2-4912-BE59-838A4C319936}.Release|Any CPU.Build.0 = Release|Any CPU
		{2BFACDC3-F44D-4199-8498-F5C3C4AC0335}.Debug|Any CPU.ActiveCfg = Debug|Any CPU
		{2BFACDC3-F44D-4199-8498-F5C3C4AC0335}.Debug|Any CPU.Build.0 = Debug|Any CPU
		{2BFACDC3-F44D-4199-8498-F5C3C4AC0335}.Release|Any CPU.ActiveCfg = Release|Any CPU
		{2BFACDC3-F44D-4199-8498-F5C3C4AC0335}.Release|Any CPU.Build.0 = Release|Any CPU
		{E461C0A8-8900-485C-B520-E929BA33F712}.Debug|Any CPU.ActiveCfg = Debug|Any CPU
		{E461C0A8-8900-485C-B520-E929BA33F712}.Debug|Any CPU.Build.0 = Debug|Any CPU
		{E461C0A8-8900-485C-B520-E929BA33F712}.Release|Any CPU.ActiveCfg = Release|Any CPU
		{E461C0A8-8900-485C-B520-E929BA33F712}.Release|Any CPU.Build.0 = Release|Any CPU
		{06B3117B-1966-4687-9916-1690129586E8}.Debug|Any CPU.ActiveCfg = Debug|Any CPU
		{06B3117B-1966-4687-9916-1690129586E8}.Debug|Any CPU.Build.0 = Debug|Any CPU
		{06B3117B-1966-4687-9916-1690129586E8}.Release|Any CPU.ActiveCfg = Release|Any CPU
		{06B3117B-1966-4687-9916-1690129586E8}.Release|Any CPU.Build.0 = Release|Any CPU
		{653E7E01-FD5C-4CC7-B4ED-D6EB82A5D993}.Debug|Any CPU.ActiveCfg = Debug|Any CPU
		{653E7E01-FD5C-4CC7-B4ED-D6EB82A5D993}.Debug|Any CPU.Build.0 = Debug|Any CPU
		{653E7E01-FD5C-4CC7-B4ED-D6EB82A5D993}.Release|Any CPU.ActiveCfg = Release|Any CPU
		{653E7E01-FD5C-4CC7-B4ED-D6EB82A5D993}.Release|Any CPU.Build.0 = Release|Any CPU
		{22B68AFD-AD5B-41FC-8037-5D70B98599FA}.Debug|Any CPU.ActiveCfg = Debug|Any CPU
		{22B68AFD-AD5B-41FC-8037-5D70B98599FA}.Debug|Any CPU.Build.0 = Debug|Any CPU
		{22B68AFD-AD5B-41FC-8037-5D70B98599FA}.Release|Any CPU.ActiveCfg = Release|Any CPU
		{22B68AFD-AD5B-41FC-8037-5D70B98599FA}.Release|Any CPU.Build.0 = Release|Any CPU
		{8FD2B175-41C3-42D4-A721-B98E4F06E001}.Debug|Any CPU.ActiveCfg = Debug|Any CPU
		{8FD2B175-41C3-42D4-A721-B98E4F06E001}.Debug|Any CPU.Build.0 = Debug|Any CPU
		{8FD2B175-41C3-42D4-A721-B98E4F06E001}.Release|Any CPU.ActiveCfg = Release|Any CPU
		{8FD2B175-41C3-42D4-A721-B98E4F06E001}.Release|Any CPU.Build.0 = Release|Any CPU
		{F7868E94-8E84-485D-B135-790247C5E91E}.Debug|Any CPU.ActiveCfg = Debug|Any CPU
		{F7868E94-8E84-485D-B135-790247C5E91E}.Debug|Any CPU.Build.0 = Debug|Any CPU
		{F7868E94-8E84-485D-B135-790247C5E91E}.Release|Any CPU.ActiveCfg = Release|Any CPU
		{F7868E94-8E84-485D-B135-790247C5E91E}.Release|Any CPU.Build.0 = Release|Any CPU
		{505959BA-5E37-40AD-9E1F-D168E366D106}.Debug|Any CPU.ActiveCfg = Debug|Any CPU
		{505959BA-5E37-40AD-9E1F-D168E366D106}.Debug|Any CPU.Build.0 = Debug|Any CPU
		{505959BA-5E37-40AD-9E1F-D168E366D106}.Release|Any CPU.ActiveCfg = Release|Any CPU
		{505959BA-5E37-40AD-9E1F-D168E366D106}.Release|Any CPU.Build.0 = Release|Any CPU
		{9629460F-6875-4F78-AFFB-A5FD0F63E783}.Debug|Any CPU.ActiveCfg = Debug|Any CPU
		{9629460F-6875-4F78-AFFB-A5FD0F63E783}.Debug|Any CPU.Build.0 = Debug|Any CPU
		{9629460F-6875-4F78-AFFB-A5FD0F63E783}.Release|Any CPU.ActiveCfg = Release|Any CPU
		{9629460F-6875-4F78-AFFB-A5FD0F63E783}.Release|Any CPU.Build.0 = Release|Any CPU
		{44994C2D-412E-434F-9522-C9EBE3A492D7}.Debug|Any CPU.ActiveCfg = Debug|Any CPU
		{44994C2D-412E-434F-9522-C9EBE3A492D7}.Debug|Any CPU.Build.0 = Debug|Any CPU
		{44994C2D-412E-434F-9522-C9EBE3A492D7}.Release|Any CPU.ActiveCfg = Release|Any CPU
		{44994C2D-412E-434F-9522-C9EBE3A492D7}.Release|Any CPU.Build.0 = Release|Any CPU
		{443C88FB-83D0-452B-8ACB-D58BA366FECA}.Debug|Any CPU.ActiveCfg = Debug|Any CPU
		{443C88FB-83D0-452B-8ACB-D58BA366FECA}.Debug|Any CPU.Build.0 = Debug|Any CPU
		{443C88FB-83D0-452B-8ACB-D58BA366FECA}.Release|Any CPU.ActiveCfg = Release|Any CPU
		{443C88FB-83D0-452B-8ACB-D58BA366FECA}.Release|Any CPU.Build.0 = Release|Any CPU
		{4A137CC4-91AA-4A2E-B627-4B004127BF87}.Debug|Any CPU.ActiveCfg = Debug|Any CPU
		{4A137CC4-91AA-4A2E-B627-4B004127BF87}.Debug|Any CPU.Build.0 = Debug|Any CPU
		{4A137CC4-91AA-4A2E-B627-4B004127BF87}.Release|Any CPU.ActiveCfg = Release|Any CPU
		{4A137CC4-91AA-4A2E-B627-4B004127BF87}.Release|Any CPU.Build.0 = Release|Any CPU
		{20EA8E2A-F015-4982-BD18-A0DF829C10F7}.Debug|Any CPU.ActiveCfg = Debug|Any CPU
		{20EA8E2A-F015-4982-BD18-A0DF829C10F7}.Debug|Any CPU.Build.0 = Debug|Any CPU
		{20EA8E2A-F015-4982-BD18-A0DF829C10F7}.Release|Any CPU.ActiveCfg = Release|Any CPU
		{20EA8E2A-F015-4982-BD18-A0DF829C10F7}.Release|Any CPU.Build.0 = Release|Any CPU
		{48D66483-4793-43F3-91D5-040A1C9E0DDC}.Debug|Any CPU.ActiveCfg = Debug|Any CPU
		{48D66483-4793-43F3-91D5-040A1C9E0DDC}.Debug|Any CPU.Build.0 = Debug|Any CPU
		{48D66483-4793-43F3-91D5-040A1C9E0DDC}.Release|Any CPU.ActiveCfg = Release|Any CPU
		{48D66483-4793-43F3-91D5-040A1C9E0DDC}.Release|Any CPU.Build.0 = Release|Any CPU
		{44E87042-8756-4DC5-94EE-3487497F5FE0}.Debug|Any CPU.ActiveCfg = Debug|Any CPU
		{44E87042-8756-4DC5-94EE-3487497F5FE0}.Debug|Any CPU.Build.0 = Debug|Any CPU
		{44E87042-8756-4DC5-94EE-3487497F5FE0}.Release|Any CPU.ActiveCfg = Release|Any CPU
		{44E87042-8756-4DC5-94EE-3487497F5FE0}.Release|Any CPU.Build.0 = Release|Any CPU
		{8D661F5D-1314-44D2-9986-05C37FF5012B}.Debug|Any CPU.ActiveCfg = Debug|Any CPU
		{8D661F5D-1314-44D2-9986-05C37FF5012B}.Debug|Any CPU.Build.0 = Debug|Any CPU
		{8D661F5D-1314-44D2-9986-05C37FF5012B}.Release|Any CPU.ActiveCfg = Release|Any CPU
		{8D661F5D-1314-44D2-9986-05C37FF5012B}.Release|Any CPU.Build.0 = Release|Any CPU
		{1ED04158-ED0E-4A5D-8051-7FD10C072A4C}.Debug|Any CPU.ActiveCfg = Debug|Any CPU
		{1ED04158-ED0E-4A5D-8051-7FD10C072A4C}.Debug|Any CPU.Build.0 = Debug|Any CPU
		{1ED04158-ED0E-4A5D-8051-7FD10C072A4C}.Release|Any CPU.ActiveCfg = Release|Any CPU
		{1ED04158-ED0E-4A5D-8051-7FD10C072A4C}.Release|Any CPU.Build.0 = Release|Any CPU
		{58FF6F7C-8862-448F-8F72-60173B849F85}.Debug|Any CPU.ActiveCfg = Debug|Any CPU
		{58FF6F7C-8862-448F-8F72-60173B849F85}.Debug|Any CPU.Build.0 = Debug|Any CPU
		{58FF6F7C-8862-448F-8F72-60173B849F85}.Release|Any CPU.ActiveCfg = Release|Any CPU
		{58FF6F7C-8862-448F-8F72-60173B849F85}.Release|Any CPU.Build.0 = Release|Any CPU
	EndGlobalSection
	GlobalSection(SolutionProperties) = preSolution
		HideSolutionNode = FALSE
	EndGlobalSection
	GlobalSection(NestedProjects) = preSolution
		{CF0EC5BF-6C14-4DAA-BD13-8B20C5A970F8} = {E3DA27DE-797D-4F85-B3DF-7E3EBC2990A2}
		{538EB122-F39A-473C-B6B9-92C15FA90196} = {53C71001-7997-4ECF-80BF-457DC7B7E951}
		{4D95D509-AADF-4F85-ABFF-07E6643F04BC} = {538EB122-F39A-473C-B6B9-92C15FA90196}
		{1751FD51-6597-4D4B-B80F-CF87E15E9971} = {53C71001-7997-4ECF-80BF-457DC7B7E951}
		{1912E1CE-279F-45AE-A932-1A835CAEBA75} = {53C71001-7997-4ECF-80BF-457DC7B7E951}
		{CC611442-FFE0-4813-9762-5129D05C0AE3} = {53C71001-7997-4ECF-80BF-457DC7B7E951}
		{7D03C6F4-D72B-4444-8EE2-5DEC21A3EE46} = {CC611442-FFE0-4813-9762-5129D05C0AE3}
		{E0FE5963-2C26-4B86-B4A4-EC547131E6A6} = {6867DF0E-04C2-46D9-A1DA-80EEC122362A}
		{2FF3309B-773F-4A10-BF79-17D0587A9A17} = {6C5C3EEB-3355-46A9-9287-DC8AC80C4996}
		{5310EEEB-43EC-4B5C-B7FF-4FC6C6E19562} = {6C5C3EEB-3355-46A9-9287-DC8AC80C4996}
		{491A1BC1-56C7-4021-A7C3-5CFBC70425A4} = {5310EEEB-43EC-4B5C-B7FF-4FC6C6E19562}
		{4A5EB3DF-6190-4FB6-ACB6-5D9755B1719D} = {5310EEEB-43EC-4B5C-B7FF-4FC6C6E19562}
		{A16B56FF-004A-46A9-A5A5-854F7D1E815D} = {AA26E123-24C4-4913-91A6-29DD68A5276B}
		{F5A2A400-A33D-4140-BF47-2577C8BB8202} = {A16B56FF-004A-46A9-A5A5-854F7D1E815D}
		{7F57B064-B33A-4016-B68B-0F88C919E3A8} = {A16B56FF-004A-46A9-A5A5-854F7D1E815D}
		{3B6D1F8B-673F-4718-9CD4-34A9315DE937} = {A16B56FF-004A-46A9-A5A5-854F7D1E815D}
		{7A0F6D94-E2D2-45DC-B3AD-28FE49C28CAC} = {A16B56FF-004A-46A9-A5A5-854F7D1E815D}
		{75A42AD1-C368-49FF-B57C-A7F5FCAC644B} = {0213933A-7B1D-4917-9ED0-C1052C10C5FB}
		{664A6AC8-109F-405B-9BEB-F8556B4124F6} = {0213933A-7B1D-4917-9ED0-C1052C10C5FB}
		{DE22EB95-937C-4A8C-8335-D480036EC0A7} = {664A6AC8-109F-405B-9BEB-F8556B4124F6}
		{6D8F6B18-3F79-424A-9019-5C4D399CE892} = {664A6AC8-109F-405B-9BEB-F8556B4124F6}
		{87027377-CAE0-4E4D-BC55-BA78C1C43124} = {2E1D9821-8DF7-4D51-8186-1ADAA5B58BE4}
		{49CCF9E3-144A-47EB-B249-17B2749CF3F2} = {2E1D9821-8DF7-4D51-8186-1ADAA5B58BE4}
		{7727D723-B04B-4902-83BD-810206418CF8} = {2E1D9821-8DF7-4D51-8186-1ADAA5B58BE4}
		{449B1701-B4D2-4912-BE59-838A4C319936} = {1751FD51-6597-4D4B-B80F-CF87E15E9971}
		{2BFACDC3-F44D-4199-8498-F5C3C4AC0335} = {B0DF30E4-F55C-4EEB-9DE8-D578226F2EC7}
		{E461C0A8-8900-485C-B520-E929BA33F712} = {B0DF30E4-F55C-4EEB-9DE8-D578226F2EC7}
		{06B3117B-1966-4687-9916-1690129586E8} = {2E1D9821-8DF7-4D51-8186-1ADAA5B58BE4}
		{653E7E01-FD5C-4CC7-B4ED-D6EB82A5D993} = {2E1D9821-8DF7-4D51-8186-1ADAA5B58BE4}
		{22B68AFD-AD5B-41FC-8037-5D70B98599FA} = {75EC3BAC-6FB8-4368-A593-5CD1A36F3526}
		{8FD2B175-41C3-42D4-A721-B98E4F06E001} = {6867DF0E-04C2-46D9-A1DA-80EEC122362A}
		{4BB49876-47ED-489F-856D-7EB4925D6CDB} = {75EC3BAC-6FB8-4368-A593-5CD1A36F3526}
		{F7868E94-8E84-485D-B135-790247C5E91E} = {4BB49876-47ED-489F-856D-7EB4925D6CDB}
		{505959BA-5E37-40AD-9E1F-D168E366D106} = {DDE6552F-9CE9-4040-AA53-6A69F2A2A2ED}
		{9629460F-6875-4F78-AFFB-A5FD0F63E783} = {DDE6552F-9CE9-4040-AA53-6A69F2A2A2ED}
		{44994C2D-412E-434F-9522-C9EBE3A492D7} = {6867DF0E-04C2-46D9-A1DA-80EEC122362A}
		{443C88FB-83D0-452B-8ACB-D58BA366FECA} = {9CBEC152-16BC-4B3E-B7D6-3E312EBC8228}
		{D4C70A3C-1C5D-4104-BF2B-F3F2EC6A1DF0} = {9CBEC152-16BC-4B3E-B7D6-3E312EBC8228}
		{4A137CC4-91AA-4A2E-B627-4B004127BF87} = {D4C70A3C-1C5D-4104-BF2B-F3F2EC6A1DF0}
		{20EA8E2A-F015-4982-BD18-A0DF829C10F7} = {9CBEC152-16BC-4B3E-B7D6-3E312EBC8228}
		{48D66483-4793-43F3-91D5-040A1C9E0DDC} = {0EFE358C-F297-4FF0-A3E2-4FADCBAC87FB}
		{44E87042-8756-4DC5-94EE-3487497F5FE0} = {0EFE358C-F297-4FF0-A3E2-4FADCBAC87FB}
		{51354ECA-951D-40C9-A8DB-D48421E63EFD} = {0EFE358C-F297-4FF0-A3E2-4FADCBAC87FB}
		{8D661F5D-1314-44D2-9986-05C37FF5012B} = {51354ECA-951D-40C9-A8DB-D48421E63EFD}
		{1ED04158-ED0E-4A5D-8051-7FD10C072A4C} = {6867DF0E-04C2-46D9-A1DA-80EEC122362A}
		{58FF6F7C-8862-448F-8F72-60173B849F85} = {C0FBB210-A569-4FD3-A837-D54364F46418}
	EndGlobalSection
	GlobalSection(ExtensibilityGlobals) = postSolution
		SolutionGuid = {D6E5C7EC-E364-498C-9DA3-D409B35E1CEC}
	EndGlobalSection
EndGlobal
